
Microsoft Visual Studio Solution File, Format Version 12.00
# Visual Studio Version 17
VisualStudioVersion = 17.12.35527.113 d17.12
MinimumVisualStudioVersion = 10.0.40219.1
Project("{FAE04EC0-301F-11D3-BF4B-00C04F79EFBC}") = "TMSHomeWorkLesson1Task3", "TMSHomeWorkLesson1Task3\TMSHomeWorkLesson1Task3.csproj", "{A0971CF3-6402-4BC6-B1C6-DA6ADA4E72A5}"
EndProject
Global
	GlobalSection(SolutionConfigurationPlatforms) = preSolution
		Debug|Any CPU = Debug|Any CPU
		Release|Any CPU = Release|Any CPU
	EndGlobalSection
	GlobalSection(ProjectConfigurationPlatforms) = postSolution
		{A0971CF3-6402-4BC6-B1C6-DA6ADA4E72A5}.Debug|Any CPU.ActiveCfg = Debug|Any CPU
		{A0971CF3-6402-4BC6-B1C6-DA6ADA4E72A5}.Debug|Any CPU.Build.0 = Debug|Any CPU
		{A0971CF3-6402-4BC6-B1C6-DA6ADA4E72A5}.Release|Any CPU.ActiveCfg = Release|Any CPU
		{A0971CF3-6402-4BC6-B1C6-DA6ADA4E72A5}.Release|Any CPU.Build.0 = Release|Any CPU
	EndGlobalSection
	GlobalSection(SolutionProperties) = preSolution
		HideSolutionNode = FALSE
	EndGlobalSection
EndGlobal
